
Microsoft Visual Studio Solution File, Format Version 12.00
# Visual Studio Version 16
VisualStudioVersion = 16.0.29411.108
MinimumVisualStudioVersion = 10.0.40219.1
Project("{9A19103F-16F7-4668-BE54-9A1E7A4F7556}") = "NetFeatureDemo", "StandardFeatureDemo\NetFeatureDemo.csproj", "{B5FF9D53-818B-42EB-AC39-6C2E9E839012}"
EndProject
Project("{9A19103F-16F7-4668-BE54-9A1E7A4F7556}") = "NETMultiTargetsDemo", "TargetFrameworksDemo\NETMultiTargetsDemo.csproj", "{0718AC74-53ED-4282-947B-BF5C44F44427}"
EndProject
Project("{2150E333-8FDC-42A3-9474-1A3956D46DE8}") = "Document", "Document", "{EA569C64-09B3-4FCF-BAD9-065B26F1B918}"
	ProjectSection(SolutionItems) = preProject
		.gitignore = .gitignore
		README.md = README.md
	EndProjectSection
EndProject
Project("{9A19103F-16F7-4668-BE54-9A1E7A4F7556}") = "XkjRestSharp", "XkjRestSharp\XkjRestSharp.csproj", "{D480C4DE-8159-42CE-9168-CC2E2FDA76BD}"
EndProject
Project("{9A19103F-16F7-4668-BE54-9A1E7A4F7556}") = "NETExtensions", "NETExtensions\NETExtensions.csproj", "{E2C7BECE-166F-4599-A714-178A5512F24B}"
EndProject
Project("{9A19103F-16F7-4668-BE54-9A1E7A4F7556}") = "TemplateEngineSharp", "TemplateEngineSharp\TemplateEngineSharp.csproj", "{24D14FE2-C4D9-488F-BE8C-F9DBEAFDA57A}"
EndProject
Project("{9A19103F-16F7-4668-BE54-9A1E7A4F7556}") = "ThirdPartyLibrary", "ThirdPartyLibrary\ThirdPartyLibrary.csproj", "{A148A392-16A8-45E1-B107-FA00327B70CE}"
EndProject
Project("{2150E333-8FDC-42A3-9474-1A3956D46DE8}") = "SocketDemo", "SocketDemo", "{1A0AD143-3A01-44D4-B072-19F2A290F399}"
EndProject
Project("{9A19103F-16F7-4668-BE54-9A1E7A4F7556}") = "SocketServer", "SocketServer\SocketServer.csproj", "{6ED99F6B-8D76-4280-86F9-F1A3CFC428CE}"
EndProject
Project("{9A19103F-16F7-4668-BE54-9A1E7A4F7556}") = "SocketClient", "SocketClient\SocketClient.csproj", "{6A4B2386-0B1D-4DF9-A143-A0DA91EBF633}"
EndProject
Project("{9A19103F-16F7-4668-BE54-9A1E7A4F7556}") = "SocketCommons", "SocketCommons\SocketCommons.csproj", "{18816B2E-6A75-4FEF-B8A7-729F0B6AD473}"
EndProject
Project("{FAE04EC0-301F-11D3-BF4B-00C04F79EFBC}") = "EFCoreDemo", "EFCoreDemo\EFCoreDemo.csproj", "{46E1252F-6B0E-4D87-8B59-C54E9FB49268}"
EndProject
Global
	GlobalSection(SolutionConfigurationPlatforms) = preSolution
		Debug|Any CPU = Debug|Any CPU
		Release|Any CPU = Release|Any CPU
	EndGlobalSection
	GlobalSection(ProjectConfigurationPlatforms) = postSolution
		{B5FF9D53-818B-42EB-AC39-6C2E9E839012}.Debug|Any CPU.ActiveCfg = Debug|Any CPU
		{B5FF9D53-818B-42EB-AC39-6C2E9E839012}.Debug|Any CPU.Build.0 = Debug|Any CPU
		{B5FF9D53-818B-42EB-AC39-6C2E9E839012}.Release|Any CPU.ActiveCfg = Release|Any CPU
		{B5FF9D53-818B-42EB-AC39-6C2E9E839012}.Release|Any CPU.Build.0 = Release|Any CPU
		{0718AC74-53ED-4282-947B-BF5C44F44427}.Debug|Any CPU.ActiveCfg = Debug|Any CPU
		{0718AC74-53ED-4282-947B-BF5C44F44427}.Debug|Any CPU.Build.0 = Debug|Any CPU
		{0718AC74-53ED-4282-947B-BF5C44F44427}.Release|Any CPU.ActiveCfg = Release|Any CPU
		{0718AC74-53ED-4282-947B-BF5C44F44427}.Release|Any CPU.Build.0 = Release|Any CPU
		{D480C4DE-8159-42CE-9168-CC2E2FDA76BD}.Debug|Any CPU.ActiveCfg = Debug|Any CPU
		{D480C4DE-8159-42CE-9168-CC2E2FDA76BD}.Debug|Any CPU.Build.0 = Debug|Any CPU
		{D480C4DE-8159-42CE-9168-CC2E2FDA76BD}.Release|Any CPU.ActiveCfg = Release|Any CPU
		{D480C4DE-8159-42CE-9168-CC2E2FDA76BD}.Release|Any CPU.Build.0 = Release|Any CPU
		{E2C7BECE-166F-4599-A714-178A5512F24B}.Debug|Any CPU.ActiveCfg = Debug|Any CPU
		{E2C7BECE-166F-4599-A714-178A5512F24B}.Debug|Any CPU.Build.0 = Debug|Any CPU
		{E2C7BECE-166F-4599-A714-178A5512F24B}.Release|Any CPU.ActiveCfg = Release|Any CPU
		{E2C7BECE-166F-4599-A714-178A5512F24B}.Release|Any CPU.Build.0 = Release|Any CPU
		{24D14FE2-C4D9-488F-BE8C-F9DBEAFDA57A}.Debug|Any CPU.ActiveCfg = Debug|Any CPU
		{24D14FE2-C4D9-488F-BE8C-F9DBEAFDA57A}.Debug|Any CPU.Build.0 = Debug|Any CPU
		{24D14FE2-C4D9-488F-BE8C-F9DBEAFDA57A}.Release|Any CPU.ActiveCfg = Release|Any CPU
		{24D14FE2-C4D9-488F-BE8C-F9DBEAFDA57A}.Release|Any CPU.Build.0 = Release|Any CPU
		{A148A392-16A8-45E1-B107-FA00327B70CE}.Debug|Any CPU.ActiveCfg = Debug|Any CPU
		{A148A392-16A8-45E1-B107-FA00327B70CE}.Debug|Any CPU.Build.0 = Debug|Any CPU
		{A148A392-16A8-45E1-B107-FA00327B70CE}.Release|Any CPU.ActiveCfg = Release|Any CPU
		{A148A392-16A8-45E1-B107-FA00327B70CE}.Release|Any CPU.Build.0 = Release|Any CPU
		{6ED99F6B-8D76-4280-86F9-F1A3CFC428CE}.Debug|Any CPU.ActiveCfg = Debug|Any CPU
		{6ED99F6B-8D76-4280-86F9-F1A3CFC428CE}.Debug|Any CPU.Build.0 = Debug|Any CPU
		{6ED99F6B-8D76-4280-86F9-F1A3CFC428CE}.Release|Any CPU.ActiveCfg = Release|Any CPU
		{6ED99F6B-8D76-4280-86F9-F1A3CFC428CE}.Release|Any CPU.Build.0 = Release|Any CPU
		{6A4B2386-0B1D-4DF9-A143-A0DA91EBF633}.Debug|Any CPU.ActiveCfg = Debug|Any CPU
		{6A4B2386-0B1D-4DF9-A143-A0DA91EBF633}.Debug|Any CPU.Build.0 = Debug|Any CPU
		{6A4B2386-0B1D-4DF9-A143-A0DA91EBF633}.Release|Any CPU.ActiveCfg = Release|Any CPU
		{6A4B2386-0B1D-4DF9-A143-A0DA91EBF633}.Release|Any CPU.Build.0 = Release|Any CPU
		{18816B2E-6A75-4FEF-B8A7-729F0B6AD473}.Debug|Any CPU.ActiveCfg = Debug|Any CPU
		{18816B2E-6A75-4FEF-B8A7-729F0B6AD473}.Debug|Any CPU.Build.0 = Debug|Any CPU
		{18816B2E-6A75-4FEF-B8A7-729F0B6AD473}.Release|Any CPU.ActiveCfg = Release|Any CPU
		{18816B2E-6A75-4FEF-B8A7-729F0B6AD473}.Release|Any CPU.Build.0 = Release|Any CPU
		{46E1252F-6B0E-4D87-8B59-C54E9FB49268}.Debug|Any CPU.ActiveCfg = Debug|Any CPU
		{46E1252F-6B0E-4D87-8B59-C54E9FB49268}.Debug|Any CPU.Build.0 = Debug|Any CPU
		{46E1252F-6B0E-4D87-8B59-C54E9FB49268}.Release|Any CPU.ActiveCfg = Release|Any CPU
		{46E1252F-6B0E-4D87-8B59-C54E9FB49268}.Release|Any CPU.Build.0 = Release|Any CPU
	EndGlobalSection
	GlobalSection(SolutionProperties) = preSolution
		HideSolutionNode = FALSE
	EndGlobalSection
	GlobalSection(NestedProjects) = preSolution
		{6ED99F6B-8D76-4280-86F9-F1A3CFC428CE} = {1A0AD143-3A01-44D4-B072-19F2A290F399}
		{6A4B2386-0B1D-4DF9-A143-A0DA91EBF633} = {1A0AD143-3A01-44D4-B072-19F2A290F399}
		{18816B2E-6A75-4FEF-B8A7-729F0B6AD473} = {1A0AD143-3A01-44D4-B072-19F2A290F399}
	EndGlobalSection
	GlobalSection(ExtensibilityGlobals) = postSolution
		SolutionGuid = {008A2B76-9377-465E-86F1-661FA0471A67}
	EndGlobalSection
EndGlobal
